
Microsoft Visual Studio Solution File, Format Version 12.00
# Visual Studio Version 17
VisualStudioVersion = 17.5.33516.290
MinimumVisualStudioVersion = 10.0.40219.1
Project("{FAE04EC0-301F-11D3-BF4B-00C04F79EFBC}") = "QuarterlySales", "QuarterlySales\QuarterlySales.csproj", "{4B593373-FFC3-4358-B470-050668FFC57D}"
EndProject
Global
	GlobalSection(SolutionConfigurationPlatforms) = preSolution
		Debug|Any CPU = Debug|Any CPU
		Release|Any CPU = Release|Any CPU
	EndGlobalSection
	GlobalSection(ProjectConfigurationPlatforms) = postSolution
		{4B593373-FFC3-4358-B470-050668FFC57D}.Debug|Any CPU.ActiveCfg = Debug|Any CPU
		{4B593373-FFC3-4358-B470-050668FFC57D}.Debug|Any CPU.Build.0 = Debug|Any CPU
		{4B593373-FFC3-4358-B470-050668FFC57D}.Release|Any CPU.ActiveCfg = Release|Any CPU
		{4B593373-FFC3-4358-B470-050668FFC57D}.Release|Any CPU.Build.0 = Release|Any CPU
	EndGlobalSection
	GlobalSection(SolutionProperties) = preSolution
		HideSolutionNode = FALSE
	EndGlobalSection
	GlobalSection(ExtensibilityGlobals) = postSolution
		SolutionGuid = {D9998B2D-AA4C-4640-BE9C-95481E148B08}
	EndGlobalSection
EndGlobal
